PODS:
  - KIF (3.2.1):
    - KIF/XCTest (= 3.2.1)
  - KIF/XCTest (3.2.1)
  - VENTokenField (2.3.0)

DEPENDENCIES:
  - KIF (~> 3.1)
  - VENTokenField (from `.`)

EXTERNAL SOURCES:
  VENTokenField:
    :path: "."

SPEC CHECKSUMS:
  KIF: ef1691e54e1d969c3b4fd0b5b56a3d7ddf37f216
  VENTokenField: 2819c66ad526ed6c00643ff5f665b9a99d3b4e2a

COCOAPODS: 0.36.3
